
Microsoft Visual Studio Solution File, Format Version 12.00
# Visual Studio Version 17
VisualStudioVersion = 17.14.36221.1 d17.14
MinimumVisualStudioVersion = 10.0.40219.1
Project("{FAE04EC0-301F-11D3-BF4B-00C04F79EFBC}") = "TVP_projekat_1", "TVP_projekat_1\TVP_projekat_1.csproj", "{AA2A9FFE-87C1-4E1B-84B4-689D56711C45}"
EndProject
Global
	GlobalSection(SolutionConfigurationPlatforms) = preSolution
		Debug|Any CPU = Debug|Any CPU
		Release|Any CPU = Release|Any CPU
	EndGlobalSection
	GlobalSection(ProjectConfigurationPlatforms) = postSolution
		{AA2A9FFE-87C1-4E1B-84B4-689D56711C45}.Debug|Any CPU.ActiveCfg = Debug|Any CPU
		{AA2A9FFE-87C1-4E1B-84B4-689D56711C45}.Debug|Any CPU.Build.0 = Debug|Any CPU
		{AA2A9FFE-87C1-4E1B-84B4-689D56711C45}.Release|Any CPU.ActiveCfg = Release|Any CPU
		{AA2A9FFE-87C1-4E1B-84B4-689D56711C45}.Release|Any CPU.Build.0 = Release|Any CPU
	EndGlobalSection
	GlobalSection(SolutionProperties) = preSolution
		HideSolutionNode = FALSE
	EndGlobalSection
	GlobalSection(ExtensibilityGlobals) = postSolution
		SolutionGuid = {ACA6679F-6B03-4998-AE52-50816A05773C}
	EndGlobalSection
EndGlobal
